
Microsoft Visual Studio Solution File, Format Version 12.00
# Visual Studio 14
VisualStudioVersion = 14.0.24720.0
MinimumVisualStudioVersion = 10.0.40219.1
Project("{FAE04EC0-301F-11D3-BF4B-00C04F79EFBC}") = "WebApplication", "WebApplication\WebApplication.csproj", "{AEF11FD1-5039-4320-86A0-BA898A2F51BF}"
EndProject
Project("{FAE04EC0-301F-11D3-BF4B-00C04F79EFBC}") = "WebApplication.Tests", "WebApplication.Tests\WebApplication.Tests.csproj", "{989CB953-94F4-40B9-A1ED-8058CC39D06C}"
EndProject
Project("{FAE04EC0-301F-11D3-BF4B-00C04F79EFBC}") = "WebApplication.Library", "WebApplication.Library\WebApplication.Library.csproj", "{6C62B198-1365-44B5-965B-EC31630F2734}"
EndProject
Project("{FAE04EC0-301F-11D3-BF4B-00C04F79EFBC}") = "NUnit.WebApplication.Library.Tests", "UnitTestProject1\NUnit.WebApplication.Library.Tests.csproj", "{6F257202-8ACF-4724-B8FD-002D2A369DA5}"
EndProject
Project("{2150E333-8FDC-42A3-9474-1A3956D46DE8}") = "Tests", "Tests", "{19DB31A6-A906-49C3-B611-D78564E4C2E8}"
EndProject
Project("{00D1A9C2-B5F0-4AF3-8072-F6C62B433612}") = "WebApplication.Database", "WebApplication.Database\WebApplication.Database.sqlproj", "{07EAC124-5375-4812-8AF9-A44DBDDAE610}"
EndProject
Project("{2150E333-8FDC-42A3-9474-1A3956D46DE8}") = "Database", "Database", "{5AF8078E-E25B-4E9B-96D1-40A64FFC8D84}"
EndProject
Project("{2150E333-8FDC-42A3-9474-1A3956D46DE8}") = "Application", "Application", "{A224A626-5BA8-438D-A6A3-7B2761330890}"
EndProject
Project("{2150E333-8FDC-42A3-9474-1A3956D46DE8}") = "UnitTests", "UnitTests", "{B34D0037-6E07-44A8-9277-15B4D80AFCF4}"
EndProject
Project("{2150E333-8FDC-42A3-9474-1A3956D46DE8}") = "IntegrationTests", "IntegrationTests", "{E6924297-9E65-4355-A454-59D11C0786D0}"
EndProject
Project("{2150E333-8FDC-42A3-9474-1A3956D46DE8}") = ".nuget", ".nuget", "{8CD44F0F-D28A-4989-B785-D7EA509074B1}"
EndProject
Global
	GlobalSection(SolutionConfigurationPlatforms) = preSolution
		Debug|Any CPU = Debug|Any CPU
		Release|Any CPU = Release|Any CPU
	EndGlobalSection
	GlobalSection(ProjectConfigurationPlatforms) = postSolution
		{AEF11FD1-5039-4320-86A0-BA898A2F51BF}.Debug|Any CPU.ActiveCfg = Debug|Any CPU
		{AEF11FD1-5039-4320-86A0-BA898A2F51BF}.Debug|Any CPU.Build.0 = Debug|Any CPU
		{AEF11FD1-5039-4320-86A0-BA898A2F51BF}.Release|Any CPU.ActiveCfg = Release|Any CPU
		{AEF11FD1-5039-4320-86A0-BA898A2F51BF}.Release|Any CPU.Build.0 = Release|Any CPU
		{989CB953-94F4-40B9-A1ED-8058CC39D06C}.Debug|Any CPU.ActiveCfg = Debug|Any CPU
		{989CB953-94F4-40B9-A1ED-8058CC39D06C}.Debug|Any CPU.Build.0 = Debug|Any CPU
		{989CB953-94F4-40B9-A1ED-8058CC39D06C}.Release|Any CPU.ActiveCfg = Release|Any CPU
		{989CB953-94F4-40B9-A1ED-8058CC39D06C}.Release|Any CPU.Build.0 = Release|Any CPU
		{6C62B198-1365-44B5-965B-EC31630F2734}.Debug|Any CPU.ActiveCfg = Debug|Any CPU
		{6C62B198-1365-44B5-965B-EC31630F2734}.Debug|Any CPU.Build.0 = Debug|Any CPU
		{6C62B198-1365-44B5-965B-EC31630F2734}.Release|Any CPU.ActiveCfg = Release|Any CPU
		{6C62B198-1365-44B5-965B-EC31630F2734}.Release|Any CPU.Build.0 = Release|Any CPU
		{6F257202-8ACF-4724-B8FD-002D2A369DA5}.Debug|Any CPU.ActiveCfg = Debug|Any CPU
		{6F257202-8ACF-4724-B8FD-002D2A369DA5}.Debug|Any CPU.Build.0 = Debug|Any CPU
		{6F257202-8ACF-4724-B8FD-002D2A369DA5}.Release|Any CPU.ActiveCfg = Release|Any CPU
		{6F257202-8ACF-4724-B8FD-002D2A369DA5}.Release|Any CPU.Build.0 = Release|Any CPU
		{07EAC124-5375-4812-8AF9-A44DBDDAE610}.Debug|Any CPU.ActiveCfg = Debug|Any CPU
		{07EAC124-5375-4812-8AF9-A44DBDDAE610}.Debug|Any CPU.Build.0 = Debug|Any CPU
		{07EAC124-5375-4812-8AF9-A44DBDDAE610}.Debug|Any CPU.Deploy.0 = Debug|Any CPU
		{07EAC124-5375-4812-8AF9-A44DBDDAE610}.Release|Any CPU.ActiveCfg = Release|Any CPU
		{07EAC124-5375-4812-8AF9-A44DBDDAE610}.Release|Any CPU.Build.0 = Release|Any CPU
		{07EAC124-5375-4812-8AF9-A44DBDDAE610}.Release|Any CPU.Deploy.0 = Release|Any CPU
	EndGlobalSection
	GlobalSection(SolutionProperties) = preSolution
		HideSolutionNode = FALSE
	EndGlobalSection
	GlobalSection(NestedProjects) = preSolution
		{AEF11FD1-5039-4320-86A0-BA898A2F51BF} = {A224A626-5BA8-438D-A6A3-7B2761330890}
		{989CB953-94F4-40B9-A1ED-8058CC39D06C} = {E6924297-9E65-4355-A454-59D11C0786D0}
		{6C62B198-1365-44B5-965B-EC31630F2734} = {A224A626-5BA8-438D-A6A3-7B2761330890}
		{6F257202-8ACF-4724-B8FD-002D2A369DA5} = {E6924297-9E65-4355-A454-59D11C0786D0}
		{07EAC124-5375-4812-8AF9-A44DBDDAE610} = {5AF8078E-E25B-4E9B-96D1-40A64FFC8D84}
		{B34D0037-6E07-44A8-9277-15B4D80AFCF4} = {19DB31A6-A906-49C3-B611-D78564E4C2E8}
		{E6924297-9E65-4355-A454-59D11C0786D0} = {19DB31A6-A906-49C3-B611-D78564E4C2E8}
	EndGlobalSection
EndGlobal
